{
  "requires": true,
  "lockfileVersion": 1,
  "dependencies": {
    "@popperjs/core": {
      "version": "2.11.7",
      "resolved": "https://registry.npmjs.org/@popperjs/core/-/core-2.11.7.tgz",
      "integrity": "sha512-Cr4OjIkipTtcXKjAsm8agyleBuDHvxzeBoa1v543lbv1YaIwQjESsVcmjiWiPEbC1FIeHOG/Op9kdCmAmiS3Kw=="
    },
    "bootstrap": {
      "version": "5.2.3",
      "resolved": "https://registry.npmjs.org/bootstrap/-/bootstrap-5.2.3.tgz",
      "integrity": "sha512-cEKPM+fwb3cT8NzQZYEu4HilJ3anCrWqh3CHAok1p9jXqMPsPTBhU25fBckEJHJ/p+tTxTFTsFQGM+gaHpi3QQ=="
    }
  }
}
